
Microsoft Visual Studio Solution File, Format Version 12.00
# Visual Studio Version 16
VisualStudioVersion = 16.0.32106.194
MinimumVisualStudioVersion = 10.0.40219.1
Project("{FAE04EC0-301F-11D3-BF4B-00C04F79EFBC}") = "ConsoleApp14", "ConsoleApp14\ConsoleApp14.csproj", "{1D4E39AA-7766-4698-B86F-A9D6C2DD89FC}"
EndProject
Global
	GlobalSection(SolutionConfigurationPlatforms) = preSolution
		Debug|Any CPU = Debug|Any CPU
		Release|Any CPU = Release|Any CPU
	EndGlobalSection
	GlobalSection(ProjectConfigurationPlatforms) = postSolution
		{1D4E39AA-7766-4698-B86F-A9D6C2DD89FC}.Debug|Any CPU.ActiveCfg = Debug|Any CPU
		{1D4E39AA-7766-4698-B86F-A9D6C2DD89FC}.Debug|Any CPU.Build.0 = Debug|Any CPU
		{1D4E39AA-7766-4698-B86F-A9D6C2DD89FC}.Release|Any CPU.ActiveCfg = Release|Any CPU
		{1D4E39AA-7766-4698-B86F-A9D6C2DD89FC}.Release|Any CPU.Build.0 = Release|Any CPU
	EndGlobalSection
	GlobalSection(SolutionProperties) = preSolution
		HideSolutionNode = FALSE
	EndGlobalSection
	GlobalSection(ExtensibilityGlobals) = postSolution
		SolutionGuid = {064E3040-AB0C-45C4-AD29-28A4E0D8AA4E}
	EndGlobalSection
EndGlobal
